// !$*UTF8*$!
{
	archiveVersion = 1;
	classes = {
	};
	objectVersion = 50;
	objects = {

/* Begin PBXBuildFile section */
		F20652F52322F2E0004392D8 /* AppDelegate.swift in Sources */ = {isa = PBXBuildFile; fileRef = F20652F42322F2E0004392D8 /* AppDelegate.swift */; };
		F20652F72322F2E0004392D8 /* ViewController.swift in Sources */ = {isa = PBXBuildFile; fileRef = F20652F62322F2E0004392D8 /* ViewController.swift */; };
		F20652FA2322F2E0004392D8 /* Main.storyboard in Resources */ = {isa = PBXBuildFile; fileRef = F20652F82322F2E0004392D8 /* Main.storyboard */; };
		F20652FC2322F2E2004392D8 /* Assets.xcassets in Resources */ = {isa = PBXBuildFile; fileRef = F20652FB2322F2E2004392D8 /* Assets.xcassets */; };
		F20652FF2322F2E2004392D8 /* LaunchScreen.storyboard in Resources */ = {isa = PBXBuildFile; fileRef = F20652FD2322F2E2004392D8 /* LaunchScreen.storyboard */; };
		F20653072322F493004392D8 /* PennTableViewController.swift in Sources */ = {isa = PBXBuildFile; fileRef = F20653062322F493004392D8 /* PennTableViewController.swift */; };
		F206530923230009004392D8 /* LaundryDetailViewController.swift in Sources */ = {isa = PBXBuildFile; fileRef = F206530823230009004392D8 /* LaundryDetailViewController.swift */; };
/* End PBXBuildFile section */

/* Begin PBXFileReference section */
		F20652F12322F2E0004392D8 /* pennapps-xx-demo.app */ = {isa = PBXFileReference; explicitFileType = wrapper.application; includeInIndex = 0; path = "pennapps-xx-demo.app"; sourceTree = BUILT_PRODUCTS_DIR; };
		F20652F42322F2E0004392D8 /* AppDelegate.swift */ = {isa = PBXFileReference; lastKnownFileType = sourcecode.swift; path = AppDelegate.swift; sourceTree = "<group>"; };
		F20652F62322F2E0004392D8 /* ViewController.swift */ = {isa = PBXFileReference; lastKnownFileType = sourcecode.swift; path = ViewController.swift; sourceTree = "<group>"; };
		F20652F92322F2E0004392D8 /* Base */ = {isa = PBXFileReference; lastKnownFileType = file.storyboard; name = Base; path = Base.lproj/Main.storyboard; sourceTree = "<group>"; };
		F20652FB2322F2E2004392D8 /* Assets.xcassets */ = {isa = PBXFileReference; lastKnownFileType = folder.assetcatalog; path = Assets.xcassets; sourceTree = "<group>"; };
		F20652FE2322F2E2004392D8 /* Base */ = {isa = PBXFileReference; lastKnownFileType = file.storyboard; name = Base; path = Base.lproj/LaunchScreen.storyboard; sourceTree = "<group>"; };
		F20653002322F2E2004392D8 /* Info.plist */ = {isa = PBXFileReference; lastKnownFileType = text.plist.xml; path = Info.plist; sourceTree = "<group>"; };
		F20653062322F493004392D8 /* PennTableViewController.swift */ = {isa = PBXFileReference; lastKnownFileType = sourcecode.swift; path = PennTableViewController.swift; sourceTree = "<group>"; };
		F206530823230009004392D8 /* LaundryDetailViewController.swift */ = {isa = PBXFileReference; lastKnownFileType = sourcecode.swift; path = LaundryDetailViewController.swift; sourceTree = "<group>"; };
/* End PBXFileReference section */

/* Begin PBXFrameworksBuildPhase section */
		F20652EE2322F2E0004392D8 /* Frameworks */ = {
			isa = PBXFrameworksBuildPhase;
			buildActionMask = 2147483647;
			files = (
			);
			runOnlyForDeploymentPostprocessing = 0;
		};
/* End PBXFrameworksBuildPhase section */

/* Begin PBXGroup section */
		F20652E82322F2E0004392D8 = {
			isa = PBXGroup;
			children = (
				F20652F32322F2E0004392D8 /* pennapps-xx-demo */,
				F20652F22322F2E0004392D8 /* Products */,
			);
			sourceTree = "<group>";
		};
		F20652F22322F2E0004392D8 /* Products */ = {
			isa = PBXGroup;
			children = (
				F20652F12322F2E0004392D8 /* pennapps-xx-demo.app */,
			);
			name = Products;
			sourceTree = "<group>";
		};
		F20652F32322F2E0004392D8 /* pennapps-xx-demo */ = {
			isa = PBXGroup;
			children = (
				F20652F42322F2E0004392D8 /* AppDelegate.swift */,
				F20652F62322F2E0004392D8 /* ViewController.swift */,
				F20653062322F493004392D8 /* PennTableViewController.swift */,
				F206530823230009004392D8 /* LaundryDetailViewController.swift */,
				F20652F82322F2E0004392D8 /* Main.storyboard */,
				F20652FB2322F2E2004392D8 /* Assets.xcassets */,
				F20652FD2322F2E2004392D8 /* LaunchScreen.storyboard */,
				F20653002322F2E2004392D8 /* Info.plist */,
			);
			path = "pennapps-xx-demo";
			sourceTree = "<group>";
		};
/* End PBXGroup section */

/* Begin PBXNativeTarget section */
		F20652F02322F2E0004392D8 /* pennapps-xx-demo */ = {
			isa = PBXNativeTarget;
			buildConfigurationList = F20653032322F2E2004392D8 /* Build configuration list for PBXNativeTarget "pennapps-xx-demo" */;
			buildPhases = (
				F20652ED2322F2E0004392D8 /* Sources */,
				F20652EE2322F2E0004392D8 /* Frameworks */,
				F20652EF2322F2E0004392D8 /* Resources */,
			);
			buildRules = (
			);
			dependencies = (
			);
			name = "pennapps-xx-demo";
			productName = "pennapps-xx-demo";
			productReference = F20652F12322F2E0004392D8 /* pennapps-xx-demo.app */;
			productType = "com.apple.product-type.application";
		};
/* End PBXNativeTarget section */

/* Begin PBXProject section */
		F20652E92322F2E0004392D8 /* Project object */ = {
			isa = PBXProject;
			attributes = {
				LastSwiftUpdateCheck = 1030;
				LastUpgradeCheck = 1030;
				ORGANIZATIONNAME = "Dominic Holmes";
				TargetAttributes = {
					F20652F02322F2E0004392D8 = {
						CreatedOnToolsVersion = 10.3;
					};
				};
			};
			buildConfigurationList = F20652EC2322F2E0004392D8 /* Build configuration list for PBXProject "pennapps-xx-demo" */;
			compatibilityVersion = "Xcode 9.3";
			developmentRegion = en;
			hasScannedForEncodings = 0;
			knownRegions = (
				en,
				Base,
			);
			mainGroup = F20652E82322F2E0004392D8;
			productRefGroup = F20652F22322F2E0004392D8 /* Products */;
			projectDirPath = "";
			projectRoot = "";
			targets = (
				F20652F02322F2E0004392D8 /* pennapps-xx-demo */,
			);
		};
/* End PBXProject section */

/* Begin PBXResourcesBuildPhase section */
		F20652EF2322F2E0004392D8 /* Resources */ = {
			isa = PBXResourcesBuildPhase;
			buildActionMask = 2147483647;
			files = (
				F20652FF2322F2E2004392D8 /* LaunchScreen.storyboard in Resources */,
				F20652FC2322F2E2004392D8 /* Assets.xcassets in Resources */,
				F20652FA2322F2E0004392D8 /* Main.storyboard in Resources */,
			);
			runOnlyForDeploymentPostprocessing = 0;
		};
/* End PBXResourcesBuildPhase section */

/* Begin PBXSourcesBuildPhase section */
		F20652ED2322F2E0004392D8 /* Sources */ = {
			isa = PBXSourcesBuildPhase;
			buildActionMask = 2147483647;
			files = (
				F20652F72322F2E0004392D8 /* ViewController.swift in Sources */,
				F20652F52322F2E0004392D8 /* AppDelegate.swift in Sources */,
				F20653072322F493004392D8 /* PennTableViewController.swift in Sources */,
				F206530923230009004392D8 /* LaundryDetailViewController.swift in Sources */,
			);
			runOnlyForDeploymentPostprocessing = 0;
		};
/* End PBXSourcesBuildPhase section */

/* Begin PBXVariantGroup section */
		F20652F82322F2E0004392D8 /* Main.storyboard */ = {
			isa = PBXVariantGroup;
			children = (
				F20652F92322F2E0004392D8 /* Base */,
			);
			name = Main.storyboard;
			sourceTree = "<group>";
		};
		F20652FD2322F2E2004392D8 /* LaunchScreen.storyboard */ = {
			isa = PBXVariantGroup;
			children = (
				F20652FE2322F2E2004392D8 /* Base */,
			);
			name = LaunchScreen.storyboard;
			sourceTree = "<group>";
		};
/* End PBXVariantGroup section */

/* Begin XCBuildConfiguration section */
		F20653012322F2E2004392D8 /* Debug */ = {
			isa = XCBuildConfiguration;
			buildSettings = {
				ALWAYS_SEARCH_USER_PATHS = NO;
				CLANG_ANALYZER_NONNULL = YES;
				CLANG_ANALYZER_NUMBER_OBJECT_CONVERSION = YES_AGGRESSIVE;
				CLANG_CXX_LANGUAGE_STANDARD = "gnu++14";
				CLANG_CXX_LIBRARY = "libc++";
				CLANG_ENABLE_MODULES = YES;
				CLANG_ENABLE_OBJC_ARC = YES;
				CLANG_ENABLE_OBJC_WEAK = YES;
				CLANG_WARN_BLOCK_CAPTURE_AUTORELEASING = YES;
				CLANG_WARN_BOOL_CONVERSION = YES;
				CLANG_WARN_COMMA = YES;
				CLANG_WARN_CONSTANT_CONVERSION = YES;
				CLANG_WARN_DEPRECATED_OBJC_IMPLEMENTATIONS = YES;
				CLANG_WARN_DIRECT_OBJC_ISA_USAGE = YES_ERROR;
				CLANG_WARN_DOCUMENTATION_COMMENTS = YES;
				CLANG_WARN_EMPTY_BODY = YES;
				CLANG_WARN_ENUM_CONVERSION = YES;
				CLANG_WARN_INFINITE_RECURSION = YES;
				CLANG_WARN_INT_CONVERSION = YES;
				CLANG_WARN_NON_LITERAL_NULL_CONVERSION = YES;
				CLANG_WARN_OBJC_IMPLICIT_RETAIN_SELF = YES;
				CLANG_WARN_OBJC_LITERAL_CONVERSION = YES;
				CLANG_WARN_OBJC_ROOT_CLASS = YES_ERROR;
				CLANG_WARN_RANGE_LOOP_ANALYSIS = YES;
				CLANG_WARN_STRICT_PROTOTYPES = YES;
				CLANG_WARN_SUSPICIOUS_MOVE = YES;
				CLANG_WARN_UNGUARDED_AVAILABILITY = YES_AGGRESSIVE;
				CLANG_WARN_UNREACHABLE_CODE = YES;
				CLANG_WARN__DUPLICATE_METHOD_MATCH = YES;
				CODE_SIGN_IDENTITY = "iPhone Developer";
				COPY_PHASE_STRIP = NO;
				DEBUG_INFORMATION_FORMAT = dwarf;
				ENABLE_STRICT_OBJC_MSGSEND = YES;
				ENABLE_TESTABILITY = YES;
				GCC_C_LANGUAGE_STANDARD = gnu11;
				GCC_DYNAMIC_NO_PIC = NO;
				GCC_NO_COMMON_BLOCKS = YES;
				GCC_OPTIMIZATION_LEVEL = 0;
				GCC_PREPROCESSOR_DEFINITIONS = (
					"DEBUG=1",
					"$(inherited)",
				);
				GCC_WARN_64_TO_32_BIT_CONVERSION = YES;
				GCC_WARN_ABOUT_RETURN_TYPE = YES_ERROR;
				GCC_WARN_UNDECLARED_SELECTOR = YES;
				GCC_WARN_UNINITIALIZED_AUTOS = YES_AGGRESSIVE;
				GCC_WARN_UNUSED_FUNCTION = YES;
				GCC_WARN_UNUSED_VARIABLE = YES;
				IPHONEOS_DEPLOYMENT_TARGET = 12.4;
				MTL_ENABLE_DEBUG_INFO = INCLUDE_SOURCE;
				MTL_FAST_MATH = YES;
				ONLY_ACTIVE_ARCH = YES;
				SDKROOT = iphoneos;
				SWIFT_ACTIVE_COMPILATION_CONDITIONS = DEBUG;
				SWIFT_OPTIMIZATION_LEVEL = "-Onone";
			};
			name = Debug;
		};
		F20653022322F2E2004392D8 /* Release */ = {
			isa = XCBuildConfiguration;
			buildSettings = {
				ALWAYS_SEARCH_USER_PATHS = NO;
				CLANG_ANALYZER_NONNULL = YES;
				CLANG_ANALYZER_NUMBER_OBJECT_CONVERSION = YES_AGGRESSIVE;
				CLANG_CXX_LANGUAGE_STANDARD = "gnu++14";
				CLANG_CXX_LIBRARY = "libc++";
				CLANG_ENABLE_MODULES = YES;
				CLANG_ENABLE_OBJC_ARC = YES;
				CLANG_ENABLE_OBJC_WEAK = YES;
				CLANG_WARN_BLOCK_CAPTURE_AUTORELEASING = YES;
				CLANG_WARN_BOOL_CONVERSION = YES;
				CLANG_WARN_COMMA = YES;
				CLANG_WARN_CONSTANT_CONVERSION = YES;
				CLANG_WARN_DEPRECATED_OBJC_IMPLEMENTATIONS = YES;
				CLANG_WARN_DIRECT_OBJC_ISA_USAGE = YES_ERROR;
				CLANG_WARN_DOCUMENTATION_COMMENTS = YES;
				CLANG_WARN_EMPTY_BODY = YES;
				CLANG_WARN_ENUM_CONVERSION = YES;
				CLANG_WARN_INFINITE_RECURSION = YES;
				CLANG_WARN_INT_CONVERSION = YES;
				CLANG_WARN_NON_LITERAL_NULL_CONVERSION = YES;
				CLANG_WARN_OBJC_IMPLICIT_RETAIN_SELF = YES;
				CLANG_WARN_OBJC_LITERAL_CONVERSION = YES;
				CLANG_WARN_OBJC_ROOT_CLASS = YES_ERROR;
				CLANG_WARN_RANGE_LOOP_ANALYSIS = YES;
				CLANG_WARN_STRICT_PROTOTYPES = YES;
				CLANG_WARN_SUSPICIOUS_MOVE = YES;
				CLANG_WARN_UNGUARDED_AVAILABILITY = YES_AGGRESSIVE;
				CLANG_WARN_UNREACHABLE_CODE = YES;
				CLANG_WARN__DUPLICATE_METHOD_MATCH = YES;
				CODE_SIGN_IDENTITY = "iPhone Developer";
				COPY_PHASE_STRIP = NO;
				DEBUG_INFORMATION_FORMAT = "dwarf-with-dsym";
				ENABLE_NS_ASSERTIONS = NO;
				ENABLE_STRICT_OBJC_MSGSEND = YES;
				GCC_C_LANGUAGE_STANDARD = gnu11;
				GCC_NO_COMMON_BLOCKS = YES;
				GCC_WARN_64_TO_32_BIT_CONVERSION = YES;
				GCC_WARN_ABOUT_RETURN_TYPE = YES_ERROR;
				GCC_WARN_UNDECLARED_SELECTOR = YES;
				GCC_WARN_UNINITIALIZED_AUTOS = YES_AGGRESSIVE;
				GCC_WARN_UNUSED_FUNCTION = YES;
				GCC_WARN_UNUSED_VARIABLE = YES;
				IPHONEOS_DEPLOYMENT_TARGET = 12.4;
				MTL_ENABLE_DEBUG_INFO = NO;
				MTL_FAST_MATH = YES;
				SDKROOT = iphoneos;
				SWIFT_COMPILATION_MODE = wholemodule;
				SWIFT_OPTIMIZATION_LEVEL = "-O";
				VALIDATE_PRODUCT = YES;
			};
			name = Release;
		};
		F20653042322F2E2004392D8 /* Debug */ = {
			isa = XCBuildConfiguration;
			buildSettings = {
				ASSETCATALOG_COMPILER_APPICON_NAME = AppIcon;
				CODE_SIGN_STYLE = Automatic;
				INFOPLIST_FILE = "pennapps-xx-demo/Info.plist";
				LD_RUNPATH_SEARCH_PATHS = (
					"$(inherited)",
					"@executable_path/Frameworks",
				);
				PRODUCT_BUNDLE_IDENTIFIER = "land.dominic.pennapps-xx-demo";
				PRODUCT_NAME = "$(TARGET_NAME)";
				SWIFT_VERSION = 5.0;
				TARGETED_DEVICE_FAMILY = "1,2";
			};
			name = Debug;
		};
		F20653052322F2E2004392D8 /* Release */ = {
			isa = XCBuildConfiguration;
			buildSettings = {
				ASSETCATALOG_COMPILER_APPICON_NAME = AppIcon;
				CODE_SIGN_STYLE = Automatic;
				INFOPLIST_FILE = "pennapps-xx-demo/Info.plist";
				LD_RUNPATH_SEARCH_PATHS = (
					"$(inherited)",
					"@executable_path/Frameworks",
				);
				PRODUCT_BUNDLE_IDENTIFIER = "land.dominic.pennapps-xx-demo";
				PRODUCT_NAME = "$(TARGET_NAME)";
				SWIFT_VERSION = 5.0;
				TARGETED_DEVICE_FAMILY = "1,2";
			};
			name = Release;
		};
/* End XCBuildConfiguration section */

/* Begin XCConfigurationList section */
		F20652EC2322F2E0004392D8 /* Build configuration list for PBXProject "pennapps-xx-demo" */ = {
			isa = XCConfigurationList;
			buildConfigurations = (
				F20653012322F2E2004392D8 /* Debug */,
				F20653022322F2E2004392D8 /* Release */,
			);
			defaultConfigurationIsVisible = 0;
			defaultConfigurationName = Release;
		};
		F20653032322F2E2004392D8 /* Build configuration list for PBXNativeTarget "pennapps-xx-demo" */ = {
			isa = XCConfigurationList;
			buildConfigurations = (
				F20653042322F2E2004392D8 /* Debug */,
				F20653052322F2E2004392D8 /* Release */,
			);
			defaultConfigurationIsVisible = 0;
			defaultConfigurationName = Release;
		};
/* End XCConfigurationList section */
	};
	rootObject = F20652E92322F2E0004392D8 /* Project object */;
}
